
Microsoft Visual Studio Solution File, Format Version 12.00
# Visual Studio Version 17
VisualStudioVersion = 17.9.34622.214
MinimumVisualStudioVersion = 10.0.40219.1
Project("{FAE04EC0-301F-11D3-BF4B-00C04F79EFBC}") = "GameDev.RockPaperScissors.GameAPI", "GameDev.RockPaperScissors.GameAPI\GameDev.RockPaperScissors.GameAPI.csproj", "{20E02878-1521-4375-93B6-07DA6F19A9D3}"
EndProject
Global
	GlobalSection(SolutionConfigurationPlatforms) = preSolution
		Debug|Any CPU = Debug|Any CPU
		Release|Any CPU = Release|Any CPU
	EndGlobalSection
	GlobalSection(ProjectConfigurationPlatforms) = postSolution
		{20E02878-1521-4375-93B6-07DA6F19A9D3}.Debug|Any CPU.ActiveCfg = Debug|Any CPU
		{20E02878-1521-4375-93B6-07DA6F19A9D3}.Debug|Any CPU.Build.0 = Debug|Any CPU
		{20E02878-1521-4375-93B6-07DA6F19A9D3}.Release|Any CPU.ActiveCfg = Release|Any CPU
		{20E02878-1521-4375-93B6-07DA6F19A9D3}.Release|Any CPU.Build.0 = Release|Any CPU
	EndGlobalSection
	GlobalSection(SolutionProperties) = preSolution
		HideSolutionNode = FALSE
	EndGlobalSection
	GlobalSection(ExtensibilityGlobals) = postSolution
		SolutionGuid = {44BCF96F-2456-4092-9DBE-4FF7C0C09146}
	EndGlobalSection
EndGlobal
